// !$*UTF8*$!
{
	archiveVersion = 1;
	classes = {
	};
	objectVersion = 50;
	objects = {

/* Begin PBXBuildFile section */
		204C44562586586C00CF4718 /* PDFPreviewViewController.swift in Sources */ = {isa = PBXBuildFile; fileRef = 204C44552586586C00CF4718 /* PDFPreviewViewController.swift */; };
		204C445A25865BE200CF4718 /* PDFCreator.swift in Sources */ = {isa = PBXBuildFile; fileRef = 204C445925865BE200CF4718 /* PDFCreator.swift */; };
		204C445E258667D400CF4718 /* SettingsViewController.swift in Sources */ = {isa = PBXBuildFile; fileRef = 204C445D258667D400CF4718 /* SettingsViewController.swift */; };
		2077871D258409F200253F5D /* AppDelegate.swift in Sources */ = {isa = PBXBuildFile; fileRef = 2077871C258409F200253F5D /* AppDelegate.swift */; };
		2077871F258409F200253F5D /* SceneDelegate.swift in Sources */ = {isa = PBXBuildFile; fileRef = 2077871E258409F200253F5D /* SceneDelegate.swift */; };
		20778721258409F200253F5D /* RegistrationViewController.swift in Sources */ = {isa = PBXBuildFile; fileRef = 20778720258409F200253F5D /* RegistrationViewController.swift */; };
		20778724258409F200253F5D /* Registration.storyboard in Resources */ = {isa = PBXBuildFile; fileRef = 20778722258409F200253F5D /* Registration.storyboard */; };
		20778726258409F600253F5D /* Assets.xcassets in Resources */ = {isa = PBXBuildFile; fileRef = 20778725258409F600253F5D /* Assets.xcassets */; };
		20778729258409F600253F5D /* LaunchScreen.storyboard in Resources */ = {isa = PBXBuildFile; fileRef = 20778727258409F600253F5D /* LaunchScreen.storyboard */; };
		2077873425840A3100253F5D /* Colors.xcassets in Resources */ = {isa = PBXBuildFile; fileRef = 2077873325840A3100253F5D /* Colors.xcassets */; };
		2077873825840A9900253F5D /* UIColor+.swift in Sources */ = {isa = PBXBuildFile; fileRef = 2077873725840A9900253F5D /* UIColor+.swift */; };
		20778741258414B000253F5D /* UserDefaults+.swift in Sources */ = {isa = PBXBuildFile; fileRef = 20778740258414B000253F5D /* UserDefaults+.swift */; };
		2077874B2584342000253F5D /* LoginViewController.swift in Sources */ = {isa = PBXBuildFile; fileRef = 2077874A2584342000253F5D /* LoginViewController.swift */; };
		2077874E2584345000253F5D /* Login.storyboard in Resources */ = {isa = PBXBuildFile; fileRef = 2077874D2584345000253F5D /* Login.storyboard */; };
		207787552584FB3200253F5D /* RegistrationModel.swift in Sources */ = {isa = PBXBuildFile; fileRef = 207787542584FB3200253F5D /* RegistrationModel.swift */; };
		207787592586011D00253F5D /* UserModel.swift in Sources */ = {isa = PBXBuildFile; fileRef = 207787582586011D00253F5D /* UserModel.swift */; };
		2077875C258601B900253F5D /* MainTabBar.storyboard in Resources */ = {isa = PBXBuildFile; fileRef = 2077875B258601B900253F5D /* MainTabBar.storyboard */; };
		2077876025860B8100253F5D /* MainTabBarController.swift in Sources */ = {isa = PBXBuildFile; fileRef = 2077875F25860B8100253F5D /* MainTabBarController.swift */; };
		20778765258615B000253F5D /* UIView+.swift in Sources */ = {isa = PBXBuildFile; fileRef = 20778764258615B000253F5D /* UIView+.swift */; };
		2077877D2586468500253F5D /* HomeViewController.swift in Sources */ = {isa = PBXBuildFile; fileRef = 2077877C2586468500253F5D /* HomeViewController.swift */; };
/* End PBXBuildFile section */

/* Begin PBXFileReference section */
		204C44552586586C00CF4718 /* PDFPreviewViewController.swift */ = {isa = PBXFileReference; lastKnownFileType = sourcecode.swift; path = PDFPreviewViewController.swift; sourceTree = "<group>"; };
		204C445925865BE200CF4718 /* PDFCreator.swift */ = {isa = PBXFileReference; lastKnownFileType = sourcecode.swift; path = PDFCreator.swift; sourceTree = "<group>"; };
		204C445D258667D400CF4718 /* SettingsViewController.swift */ = {isa = PBXFileReference; lastKnownFileType = sourcecode.swift; path = SettingsViewController.swift; sourceTree = "<group>"; };
		20778719258409F200253F5D /* Portfolio-App.app */ = {isa = PBXFileReference; explicitFileType = wrapper.application; includeInIndex = 0; path = "Portfolio-App.app"; sourceTree = BUILT_PRODUCTS_DIR; };
		2077871C258409F200253F5D /* AppDelegate.swift */ = {isa = PBXFileReference; lastKnownFileType = sourcecode.swift; path = AppDelegate.swift; sourceTree = "<group>"; };
		2077871E258409F200253F5D /* SceneDelegate.swift */ = {isa = PBXFileReference; lastKnownFileType = sourcecode.swift; path = SceneDelegate.swift; sourceTree = "<group>"; };
		20778720258409F200253F5D /* RegistrationViewController.swift */ = {isa = PBXFileReference; lastKnownFileType = sourcecode.swift; path = RegistrationViewController.swift; sourceTree = "<group>"; };
		20778723258409F200253F5D /* Base */ = {isa = PBXFileReference; lastKnownFileType = file.storyboard; name = Base; path = Base.lproj/Registration.storyboard; sourceTree = "<group>"; };
		20778725258409F600253F5D /* Assets.xcassets */ = {isa = PBXFileReference; lastKnownFileType = folder.assetcatalog; path = Assets.xcassets; sourceTree = "<group>"; };
		20778728258409F600253F5D /* Base */ = {isa = PBXFileReference; lastKnownFileType = file.storyboard; name = Base; path = Base.lproj/LaunchScreen.storyboard; sourceTree = "<group>"; };
		2077872A258409F600253F5D /* Info.plist */ = {isa = PBXFileReference; lastKnownFileType = text.plist.xml; path = Info.plist; sourceTree = "<group>"; };
		2077873325840A3100253F5D /* Colors.xcassets */ = {isa = PBXFileReference; lastKnownFileType = folder.assetcatalog; path = Colors.xcassets; sourceTree = "<group>"; };
		2077873725840A9900253F5D /* UIColor+.swift */ = {isa = PBXFileReference; lastKnownFileType = sourcecode.swift; path = "UIColor+.swift"; sourceTree = "<group>"; };
		20778740258414B000253F5D /* UserDefaults+.swift */ = {isa = PBXFileReference; lastKnownFileType = sourcecode.swift; path = "UserDefaults+.swift"; sourceTree = "<group>"; };
		2077874A2584342000253F5D /* LoginViewController.swift */ = {isa = PBXFileReference; lastKnownFileType = sourcecode.swift; path = LoginViewController.swift; sourceTree = "<group>"; };
		2077874D2584345000253F5D /* Login.storyboard */ = {isa = PBXFileReference; lastKnownFileType = file.storyboard; path = Login.storyboard; sourceTree = "<group>"; };
		207787542584FB3200253F5D /* RegistrationModel.swift */ = {isa = PBXFileReference; lastKnownFileType = sourcecode.swift; path = RegistrationModel.swift; sourceTree = "<group>"; };
		207787582586011D00253F5D /* UserModel.swift */ = {isa = PBXFileReference; lastKnownFileType = sourcecode.swift; path = UserModel.swift; sourceTree = "<group>"; };
		2077875B258601B900253F5D /* MainTabBar.storyboard */ = {isa = PBXFileReference; lastKnownFileType = file.storyboard; path = MainTabBar.storyboard; sourceTree = "<group>"; };
		2077875F25860B8100253F5D /* MainTabBarController.swift */ = {isa = PBXFileReference; lastKnownFileType = sourcecode.swift; path = MainTabBarController.swift; sourceTree = "<group>"; };
		20778764258615B000253F5D /* UIView+.swift */ = {isa = PBXFileReference; lastKnownFileType = sourcecode.swift; path = "UIView+.swift"; sourceTree = "<group>"; };
		2077877C2586468500253F5D /* HomeViewController.swift */ = {isa = PBXFileReference; lastKnownFileType = sourcecode.swift; path = HomeViewController.swift; sourceTree = "<group>"; };
/* End PBXFileReference section */

/* Begin PBXFrameworksBuildPhase section */
		20778716258409F200253F5D /* Frameworks */ = {
			isa = PBXFrameworksBuildPhase;
			buildActionMask = 2147483647;
			files = (
			);
			runOnlyForDeploymentPostprocessing = 0;
		};
/* End PBXFrameworksBuildPhase section */

/* Begin PBXGroup section */
		204C445825865BB100CF4718 /* PDFCreator */ = {
			isa = PBXGroup;
			children = (
				204C445925865BE200CF4718 /* PDFCreator.swift */,
			);
			path = PDFCreator;
			sourceTree = "<group>";
		};
		20778710258409F200253F5D = {
			isa = PBXGroup;
			children = (
				2077871B258409F200253F5D /* Portfolio-App */,
				2077871A258409F200253F5D /* Products */,
			);
			sourceTree = "<group>";
		};
		2077871A258409F200253F5D /* Products */ = {
			isa = PBXGroup;
			children = (
				20778719258409F200253F5D /* Portfolio-App.app */,
			);
			name = Products;
			sourceTree = "<group>";
		};
		2077871B258409F200253F5D /* Portfolio-App */ = {
			isa = PBXGroup;
			children = (
				204C445825865BB100CF4718 /* PDFCreator */,
				2077873625840A7900253F5D /* Extensions */,
				2077873225840A1900253F5D /* Resources */,
				207787532584FB1200253F5D /* Models */,
				2077874825841F9500253F5D /* ViewControllers */,
				2077874625841D4A00253F5D /* Storyboards */,
				2077873D258411AC00253F5D /* Supporting Files */,
			);
			path = "Portfolio-App";
			sourceTree = "<group>";
		};
		2077873225840A1900253F5D /* Resources */ = {
			isa = PBXGroup;
			children = (
				20778725258409F600253F5D /* Assets.xcassets */,
				2077873325840A3100253F5D /* Colors.xcassets */,
			);
			path = Resources;
			sourceTree = "<group>";
		};
		2077873625840A7900253F5D /* Extensions */ = {
			isa = PBXGroup;
			children = (
				2077873725840A9900253F5D /* UIColor+.swift */,
				20778740258414B000253F5D /* UserDefaults+.swift */,
				20778764258615B000253F5D /* UIView+.swift */,
			);
			path = Extensions;
			sourceTree = "<group>";
		};
		2077873D258411AC00253F5D /* Supporting Files */ = {
			isa = PBXGroup;
			children = (
				2077871C258409F200253F5D /* AppDelegate.swift */,
				2077871E258409F200253F5D /* SceneDelegate.swift */,
				2077872A258409F600253F5D /* Info.plist */,
			);
			path = "Supporting Files";
			sourceTree = "<group>";
		};
		2077874625841D4A00253F5D /* Storyboards */ = {
			isa = PBXGroup;
			children = (
				20778722258409F200253F5D /* Registration.storyboard */,
				20778727258409F600253F5D /* LaunchScreen.storyboard */,
				2077874D2584345000253F5D /* Login.storyboard */,
				2077875B258601B900253F5D /* MainTabBar.storyboard */,
			);
			path = Storyboards;
			sourceTree = "<group>";
		};
		2077874825841F9500253F5D /* ViewControllers */ = {
			isa = PBXGroup;
			children = (
				20778720258409F200253F5D /* RegistrationViewController.swift */,
				2077874A2584342000253F5D /* LoginViewController.swift */,
				2077875F25860B8100253F5D /* MainTabBarController.swift */,
				2077877C2586468500253F5D /* HomeViewController.swift */,
				204C44552586586C00CF4718 /* PDFPreviewViewController.swift */,
				204C445D258667D400CF4718 /* SettingsViewController.swift */,
			);
			path = ViewControllers;
			sourceTree = "<group>";
		};
		207787532584FB1200253F5D /* Models */ = {
			isa = PBXGroup;
			children = (
				207787542584FB3200253F5D /* RegistrationModel.swift */,
				207787582586011D00253F5D /* UserModel.swift */,
			);
			path = Models;
			sourceTree = "<group>";
		};
/* End PBXGroup section */

/* Begin PBXNativeTarget section */
		20778718258409F200253F5D /* Portfolio-App */ = {
			isa = PBXNativeTarget;
			buildConfigurationList = 2077872D258409F600253F5D /* Build configuration list for PBXNativeTarget "Portfolio-App" */;
			buildPhases = (
				20778715258409F200253F5D /* Sources */,
				20778716258409F200253F5D /* Frameworks */,
				20778717258409F200253F5D /* Resources */,
			);
			buildRules = (
			);
			dependencies = (
			);
			name = "Portfolio-App";
			productName = "Portfolio-App";
			productReference = 20778719258409F200253F5D /* Portfolio-App.app */;
			productType = "com.apple.product-type.application";
		};
/* End PBXNativeTarget section */

/* Begin PBXProject section */
		20778711258409F200253F5D /* Project object */ = {
			isa = PBXProject;
			attributes = {
				LastSwiftUpdateCheck = 1220;
				LastUpgradeCheck = 1220;
				TargetAttributes = {
					20778718258409F200253F5D = {
						CreatedOnToolsVersion = 12.2;
					};
				};
			};
			buildConfigurationList = 20778714258409F200253F5D /* Build configuration list for PBXProject "Portfolio-App" */;
			compatibilityVersion = "Xcode 9.3";
			developmentRegion = en;
			hasScannedForEncodings = 0;
			knownRegions = (
				en,
				Base,
			);
			mainGroup = 20778710258409F200253F5D;
			productRefGroup = 2077871A258409F200253F5D /* Products */;
			projectDirPath = "";
			projectRoot = "";
			targets = (
				20778718258409F200253F5D /* Portfolio-App */,
			);
		};
/* End PBXProject section */

/* Begin PBXResourcesBuildPhase section */
		20778717258409F200253F5D /* Resources */ = {
			isa = PBXResourcesBuildPhase;
			buildActionMask = 2147483647;
			files = (
				20778729258409F600253F5D /* LaunchScreen.storyboard in Resources */,
				2077875C258601B900253F5D /* MainTabBar.storyboard in Resources */,
				2077873425840A3100253F5D /* Colors.xcassets in Resources */,
				20778726258409F600253F5D /* Assets.xcassets in Resources */,
				2077874E2584345000253F5D /* Login.storyboard in Resources */,
				20778724258409F200253F5D /* Registration.storyboard in Resources */,
			);
			runOnlyForDeploymentPostprocessing = 0;
		};
/* End PBXResourcesBuildPhase section */

/* Begin PBXSourcesBuildPhase section */
		20778715258409F200253F5D /* Sources */ = {
			isa = PBXSourcesBuildPhase;
			buildActionMask = 2147483647;
			files = (
				2077874B2584342000253F5D /* LoginViewController.swift in Sources */,
				20778721258409F200253F5D /* RegistrationViewController.swift in Sources */,
				207787592586011D00253F5D /* UserModel.swift in Sources */,
				2077873825840A9900253F5D /* UIColor+.swift in Sources */,
				20778765258615B000253F5D /* UIView+.swift in Sources */,
				20778741258414B000253F5D /* UserDefaults+.swift in Sources */,
				2077876025860B8100253F5D /* MainTabBarController.swift in Sources */,
				2077877D2586468500253F5D /* HomeViewController.swift in Sources */,
				204C44562586586C00CF4718 /* PDFPreviewViewController.swift in Sources */,
				204C445E258667D400CF4718 /* SettingsViewController.swift in Sources */,
				207787552584FB3200253F5D /* RegistrationModel.swift in Sources */,
				2077871D258409F200253F5D /* AppDelegate.swift in Sources */,
				204C445A25865BE200CF4718 /* PDFCreator.swift in Sources */,
				2077871F258409F200253F5D /* SceneDelegate.swift in Sources */,
			);
			runOnlyForDeploymentPostprocessing = 0;
		};
/* End PBXSourcesBuildPhase section */

/* Begin PBXVariantGroup section */
		20778722258409F200253F5D /* Registration.storyboard */ = {
			isa = PBXVariantGroup;
			children = (
				20778723258409F200253F5D /* Base */,
			);
			name = Registration.storyboard;
			sourceTree = "<group>";
		};
		20778727258409F600253F5D /* LaunchScreen.storyboard */ = {
			isa = PBXVariantGroup;
			children = (
				20778728258409F600253F5D /* Base */,
			);
			name = LaunchScreen.storyboard;
			sourceTree = "<group>";
		};
/* End PBXVariantGroup section */

/* Begin XCBuildConfiguration section */
		2077872B258409F600253F5D /* Debug */ = {
			isa = XCBuildConfiguration;
			buildSettings = {
				ALWAYS_SEARCH_USER_PATHS = NO;
				CLANG_ANALYZER_NONNULL = YES;
				CLANG_ANALYZER_NUMBER_OBJECT_CONVERSION = YES_AGGRESSIVE;
				CLANG_CXX_LANGUAGE_STANDARD = "gnu++14";
				CLANG_CXX_LIBRARY = "libc++";
				CLANG_ENABLE_MODULES = YES;
				CLANG_ENABLE_OBJC_ARC = YES;
				CLANG_ENABLE_OBJC_WEAK = YES;
				CLANG_WARN_BLOCK_CAPTURE_AUTORELEASING = YES;
				CLANG_WARN_BOOL_CONVERSION = YES;
				CLANG_WARN_COMMA = YES;
				CLANG_WARN_CONSTANT_CONVERSION = YES;
				CLANG_WARN_DEPRECATED_OBJC_IMPLEMENTATIONS = YES;
				CLANG_WARN_DIRECT_OBJC_ISA_USAGE = YES_ERROR;
				CLANG_WARN_DOCUMENTATION_COMMENTS = YES;
				CLANG_WARN_EMPTY_BODY = YES;
				CLANG_WARN_ENUM_CONVERSION = YES;
				CLANG_WARN_INFINITE_RECURSION = YES;
				CLANG_WARN_INT_CONVERSION = YES;
				CLANG_WARN_NON_LITERAL_NULL_CONVERSION = YES;
				CLANG_WARN_OBJC_IMPLICIT_RETAIN_SELF = YES;
				CLANG_WARN_OBJC_LITERAL_CONVERSION = YES;
				CLANG_WARN_OBJC_ROOT_CLASS = YES_ERROR;
				CLANG_WARN_QUOTED_INCLUDE_IN_FRAMEWORK_HEADER = YES;
				CLANG_WARN_RANGE_LOOP_ANALYSIS = YES;
				CLANG_WARN_STRICT_PROTOTYPES = YES;
				CLANG_WARN_SUSPICIOUS_MOVE = YES;
				CLANG_WARN_UNGUARDED_AVAILABILITY = YES_AGGRESSIVE;
				CLANG_WARN_UNREACHABLE_CODE = YES;
				CLANG_WARN__DUPLICATE_METHOD_MATCH = YES;
				COPY_PHASE_STRIP = NO;
				DEBUG_INFORMATION_FORMAT = dwarf;
				ENABLE_STRICT_OBJC_MSGSEND = YES;
				ENABLE_TESTABILITY = YES;
				GCC_C_LANGUAGE_STANDARD = gnu11;
				GCC_DYNAMIC_NO_PIC = NO;
				GCC_NO_COMMON_BLOCKS = YES;
				GCC_OPTIMIZATION_LEVEL = 0;
				GCC_PREPROCESSOR_DEFINITIONS = (
					"DEBUG=1",
					"$(inherited)",
				);
				GCC_WARN_64_TO_32_BIT_CONVERSION = YES;
				GCC_WARN_ABOUT_RETURN_TYPE = YES_ERROR;
				GCC_WARN_UNDECLARED_SELECTOR = YES;
				GCC_WARN_UNINITIALIZED_AUTOS = YES_AGGRESSIVE;
				GCC_WARN_UNUSED_FUNCTION = YES;
				GCC_WARN_UNUSED_VARIABLE = YES;
				IPHONEOS_DEPLOYMENT_TARGET = 14.0;
				MTL_ENABLE_DEBUG_INFO = INCLUDE_SOURCE;
				MTL_FAST_MATH = YES;
				ONLY_ACTIVE_ARCH = YES;
				SDKROOT = iphoneos;
				SWIFT_ACTIVE_COMPILATION_CONDITIONS = DEBUG;
				SWIFT_OPTIMIZATION_LEVEL = "-Onone";
			};
			name = Debug;
		};
		2077872C258409F600253F5D /* Release */ = {
			isa = XCBuildConfiguration;
			buildSettings = {
				ALWAYS_SEARCH_USER_PATHS = NO;
				CLANG_ANALYZER_NONNULL = YES;
				CLANG_ANALYZER_NUMBER_OBJECT_CONVERSION = YES_AGGRESSIVE;
				CLANG_CXX_LANGUAGE_STANDARD = "gnu++14";
				CLANG_CXX_LIBRARY = "libc++";
				CLANG_ENABLE_MODULES = YES;
				CLANG_ENABLE_OBJC_ARC = YES;
				CLANG_ENABLE_OBJC_WEAK = YES;
				CLANG_WARN_BLOCK_CAPTURE_AUTORELEASING = YES;
				CLANG_WARN_BOOL_CONVERSION = YES;
				CLANG_WARN_COMMA = YES;
				CLANG_WARN_CONSTANT_CONVERSION = YES;
				CLANG_WARN_DEPRECATED_OBJC_IMPLEMENTATIONS = YES;
				CLANG_WARN_DIRECT_OBJC_ISA_USAGE = YES_ERROR;
				CLANG_WARN_DOCUMENTATION_COMMENTS = YES;
				CLANG_WARN_EMPTY_BODY = YES;
				CLANG_WARN_ENUM_CONVERSION = YES;
				CLANG_WARN_INFINITE_RECURSION = YES;
				CLANG_WARN_INT_CONVERSION = YES;
				CLANG_WARN_NON_LITERAL_NULL_CONVERSION = YES;
				CLANG_WARN_OBJC_IMPLICIT_RETAIN_SELF = YES;
				CLANG_WARN_OBJC_LITERAL_CONVERSION = YES;
				CLANG_WARN_OBJC_ROOT_CLASS = YES_ERROR;
				CLANG_WARN_QUOTED_INCLUDE_IN_FRAMEWORK_HEADER = YES;
				CLANG_WARN_RANGE_LOOP_ANALYSIS = YES;
				CLANG_WARN_STRICT_PROTOTYPES = YES;
				CLANG_WARN_SUSPICIOUS_MOVE = YES;
				CLANG_WARN_UNGUARDED_AVAILABILITY = YES_AGGRESSIVE;
				CLANG_WARN_UNREACHABLE_CODE = YES;
				CLANG_WARN__DUPLICATE_METHOD_MATCH = YES;
				COPY_PHASE_STRIP = NO;
				DEBUG_INFORMATION_FORMAT = "dwarf-with-dsym";
				ENABLE_NS_ASSERTIONS = NO;
				ENABLE_STRICT_OBJC_MSGSEND = YES;
				GCC_C_LANGUAGE_STANDARD = gnu11;
				GCC_NO_COMMON_BLOCKS = YES;
				GCC_WARN_64_TO_32_BIT_CONVERSION = YES;
				GCC_WARN_ABOUT_RETURN_TYPE = YES_ERROR;
				GCC_WARN_UNDECLARED_SELECTOR = YES;
				GCC_WARN_UNINITIALIZED_AUTOS = YES_AGGRESSIVE;
				GCC_WARN_UNUSED_FUNCTION = YES;
				GCC_WARN_UNUSED_VARIABLE = YES;
				IPHONEOS_DEPLOYMENT_TARGET = 14.0;
				MTL_ENABLE_DEBUG_INFO = NO;
				MTL_FAST_MATH = YES;
				SDKROOT = iphoneos;
				SWIFT_COMPILATION_MODE = wholemodule;
				SWIFT_OPTIMIZATION_LEVEL = "-O";
				VALIDATE_PRODUCT = YES;
			};
			name = Release;
		};
		2077872E258409F600253F5D /* Debug */ = {
			isa = XCBuildConfiguration;
			buildSettings = {
				ASSETCATALOG_COMPILER_APPICON_NAME = AppIcon;
				ASSETCATALOG_COMPILER_GLOBAL_ACCENT_COLOR_NAME = AccentColor;
				CODE_SIGN_STYLE = Automatic;
				DEVELOPMENT_TEAM = ZP5T3JP7G6;
				INFOPLIST_FILE = "Portfolio-App/Supporting Files/Info.plist";
				IPHONEOS_DEPLOYMENT_TARGET = 14.0;
				LD_RUNPATH_SEARCH_PATHS = (
					"$(inherited)",
					"@executable_path/Frameworks",
				);
				PRODUCT_BUNDLE_IDENTIFIER = "com.vladimir-belyaev.Portfolio-App";
				PRODUCT_NAME = "$(TARGET_NAME)";
				SWIFT_VERSION = 5.0;
				TARGETED_DEVICE_FAMILY = 1;
			};
			name = Debug;
		};
		2077872F258409F600253F5D /* Release */ = {
			isa = XCBuildConfiguration;
			buildSettings = {
				ASSETCATALOG_COMPILER_APPICON_NAME = AppIcon;
				ASSETCATALOG_COMPILER_GLOBAL_ACCENT_COLOR_NAME = AccentColor;
				CODE_SIGN_STYLE = Automatic;
				DEVELOPMENT_TEAM = ZP5T3JP7G6;
				INFOPLIST_FILE = "Portfolio-App/Supporting Files/Info.plist";
				IPHONEOS_DEPLOYMENT_TARGET = 14.0;
				LD_RUNPATH_SEARCH_PATHS = (
					"$(inherited)",
					"@executable_path/Frameworks",
				);
				PRODUCT_BUNDLE_IDENTIFIER = "com.vladimir-belyaev.Portfolio-App";
				PRODUCT_NAME = "$(TARGET_NAME)";
				SWIFT_VERSION = 5.0;
				TARGETED_DEVICE_FAMILY = 1;
			};
			name = Release;
		};
/* End XCBuildConfiguration section */

/* Begin XCConfigurationList section */
		20778714258409F200253F5D /* Build configuration list for PBXProject "Portfolio-App" */ = {
			isa = XCConfigurationList;
			buildConfigurations = (
				2077872B258409F600253F5D /* Debug */,
				2077872C258409F600253F5D /* Release */,
			);
			defaultConfigurationIsVisible = 0;
			defaultConfigurationName = Release;
		};
		2077872D258409F600253F5D /* Build configuration list for PBXNativeTarget "Portfolio-App" */ = {
			isa = XCConfigurationList;
			buildConfigurations = (
				2077872E258409F600253F5D /* Debug */,
				2077872F258409F600253F5D /* Release */,
			);
			defaultConfigurationIsVisible = 0;
			defaultConfigurationName = Release;
		};
/* End XCConfigurationList section */
	};
	rootObject = 20778711258409F200253F5D /* Project object */;
}
